github.com/goinsane/logng v0.5.2 h1:0xguQTMdpaer3s4F+acjddw05TzmQcchhiqYcsX2gX4=
github.com/goinsane/logng v0.5.2/go.mod h1:uG5zLQkWgDFRHI6Rl4QK6Jck/hHLaHg0OUEy2ELUXDM=
github.com/goinsane/logng v1.0.4 h1:g56eGYhK4fFynxN8qNCXpCR3nsqx4ixIp5yATcE6oz4=
github.com/goinsane/logng v1.0.4/go.mod h1:P16OYLUkPSzgexXXzFsMBRk1H1kS2THXvAQW2qctPAg=
